
Microsoft Visual Studio Solution File, Format Version 12.00
# Visual Studio 15
VisualStudioVersion = 15.0.26430.6
MinimumVisualStudioVersion = 10.0.40219.1
Project("{FAE04EC0-301F-11D3-BF4B-00C04F79EFBC}") = "IonicPush.Web", "IonicPush.Web\IonicPush.Web.csproj", "{42206B8B-3CF5-4219-A5B5-818FD5B5E666}"
EndProject
Project("{FAE04EC0-301F-11D3-BF4B-00C04F79EFBC}") = "IonicPush.CSharp", "IonicPush.CSharp\IonicPush.CSharp.csproj", "{62F81B5A-0F77-44B5-8196-3840158474AE}"
EndProject
Global
	GlobalSection(SolutionConfigurationPlatforms) = preSolution
		Debug|Any CPU = Debug|Any CPU
		Release|Any CPU = Release|Any CPU
	EndGlobalSection
	GlobalSection(ProjectConfigurationPlatforms) = postSolution
		{42206B8B-3CF5-4219-A5B5-818FD5B5E666}.Debug|Any CPU.ActiveCfg = Debug|Any CPU
		{42206B8B-3CF5-4219-A5B5-818FD5B5E666}.Debug|Any CPU.Build.0 = Debug|Any CPU
		{42206B8B-3CF5-4219-A5B5-818FD5B5E666}.Release|Any CPU.ActiveCfg = Release|Any CPU
		{42206B8B-3CF5-4219-A5B5-818FD5B5E666}.Release|Any CPU.Build.0 = Release|Any CPU
		{62F81B5A-0F77-44B5-8196-3840158474AE}.Debug|Any CPU.ActiveCfg = Debug|Any CPU
		{62F81B5A-0F77-44B5-8196-3840158474AE}.Debug|Any CPU.Build.0 = Debug|Any CPU
		{62F81B5A-0F77-44B5-8196-3840158474AE}.Release|Any CPU.ActiveCfg = Release|Any CPU
		{62F81B5A-0F77-44B5-8196-3840158474AE}.Release|Any CPU.Build.0 = Release|Any CPU
	EndGlobalSection
	GlobalSection(SolutionProperties) = preSolution
		HideSolutionNode = FALSE
	EndGlobalSection
EndGlobal
